
Microsoft Visual Studio Solution File, Format Version 12.00
# Visual Studio Version 16
VisualStudioVersion = 16.0.31229.75
MinimumVisualStudioVersion = 10.0.40219.1
Project("{FAE04EC0-301F-11D3-BF4B-00C04F79EFBC}") = "OOP_Finaly", "OOP_Finaly\OOP_Finaly.csproj", "{F4E568B6-5EA2-4BAA-BEF3-09EC9C3C206F}"
EndProject
Global
	GlobalSection(SolutionConfigurationPlatforms) = preSolution
		Debug|Any CPU = Debug|Any CPU
		Release|Any CPU = Release|Any CPU
	EndGlobalSection
	GlobalSection(ProjectConfigurationPlatforms) = postSolution
		{F4E568B6-5EA2-4BAA-BEF3-09EC9C3C206F}.Debug|Any CPU.ActiveCfg = Debug|Any CPU
		{F4E568B6-5EA2-4BAA-BEF3-09EC9C3C206F}.Debug|Any CPU.Build.0 = Debug|Any CPU
		{F4E568B6-5EA2-4BAA-BEF3-09EC9C3C206F}.Release|Any CPU.ActiveCfg = Release|Any CPU
		{F4E568B6-5EA2-4BAA-BEF3-09EC9C3C206F}.Release|Any CPU.Build.0 = Release|Any CPU
	EndGlobalSection
	GlobalSection(SolutionProperties) = preSolution
		HideSolutionNode = FALSE
	EndGlobalSection
	GlobalSection(ExtensibilityGlobals) = postSolution
		SolutionGuid = {473C1ADE-5F56-435E-826F-1781E48C1472}
	EndGlobalSection
EndGlobal
